
Microsoft Visual Studio Solution File, Format Version 12.00
# Visual Studio Version 16
VisualStudioVersion = 16.0.30406.217
MinimumVisualStudioVersion = 10.0.40219.1
Project("{9A19103F-16F7-4668-BE54-9A1E7A4F7556}") = "ventura_hr.WebApplication", "ventura_hr\ventura_hr.WebApplication.csproj", "{57F350F7-2802-40DB-8B6F-43D39D51B531}"
EndProject
Project("{9A19103F-16F7-4668-BE54-9A1E7A4F7556}") = "ventura_hr.Domain", "ventura_hr.Domain\ventura_hr.Domain.csproj", "{BBD85F4F-7A50-4BAF-AE82-B6B99BFEB52F}"
EndProject
Project("{9A19103F-16F7-4668-BE54-9A1E7A4F7556}") = "ventura_hr.Repository", "ventura_hr.Repository\ventura_hr.Repository.csproj", "{DB23D35B-83E6-4138-B4FD-FB5BCE647C68}"
EndProject
Project("{FAE04EC0-301F-11D3-BF4B-00C04F79EFBC}") = "ventura_hr_tests", "ventura_hr_tests\ventura_hr_tests.csproj", "{BEA8C330-5715-48BC-A121-0A85FAED65CE}"
EndProject
Global
	GlobalSection(SolutionConfigurationPlatforms) = preSolution
		Debug|Any CPU = Debug|Any CPU
		Release|Any CPU = Release|Any CPU
	EndGlobalSection
	GlobalSection(ProjectConfigurationPlatforms) = postSolution
		{57F350F7-2802-40DB-8B6F-43D39D51B531}.Debug|Any CPU.ActiveCfg = Debug|Any CPU
		{57F350F7-2802-40DB-8B6F-43D39D51B531}.Debug|Any CPU.Build.0 = Debug|Any CPU
		{57F350F7-2802-40DB-8B6F-43D39D51B531}.Release|Any CPU.ActiveCfg = Release|Any CPU
		{57F350F7-2802-40DB-8B6F-43D39D51B531}.Release|Any CPU.Build.0 = Release|Any CPU
		{BBD85F4F-7A50-4BAF-AE82-B6B99BFEB52F}.Debug|Any CPU.ActiveCfg = Debug|Any CPU
		{BBD85F4F-7A50-4BAF-AE82-B6B99BFEB52F}.Debug|Any CPU.Build.0 = Debug|Any CPU
		{BBD85F4F-7A50-4BAF-AE82-B6B99BFEB52F}.Release|Any CPU.ActiveCfg = Release|Any CPU
		{BBD85F4F-7A50-4BAF-AE82-B6B99BFEB52F}.Release|Any CPU.Build.0 = Release|Any CPU
		{DB23D35B-83E6-4138-B4FD-FB5BCE647C68}.Debug|Any CPU.ActiveCfg = Debug|Any CPU
		{DB23D35B-83E6-4138-B4FD-FB5BCE647C68}.Debug|Any CPU.Build.0 = Debug|Any CPU
		{DB23D35B-83E6-4138-B4FD-FB5BCE647C68}.Release|Any CPU.ActiveCfg = Release|Any CPU
		{DB23D35B-83E6-4138-B4FD-FB5BCE647C68}.Release|Any CPU.Build.0 = Release|Any CPU
		{BEA8C330-5715-48BC-A121-0A85FAED65CE}.Debug|Any CPU.ActiveCfg = Debug|Any CPU
		{BEA8C330-5715-48BC-A121-0A85FAED65CE}.Debug|Any CPU.Build.0 = Debug|Any CPU
		{BEA8C330-5715-48BC-A121-0A85FAED65CE}.Release|Any CPU.ActiveCfg = Release|Any CPU
		{BEA8C330-5715-48BC-A121-0A85FAED65CE}.Release|Any CPU.Build.0 = Release|Any CPU
	EndGlobalSection
	GlobalSection(SolutionProperties) = preSolution
		HideSolutionNode = FALSE
	EndGlobalSection
	GlobalSection(ExtensibilityGlobals) = postSolution
		SolutionGuid = {454862E8-64D8-468F-A884-2525998181D5}
	EndGlobalSection
EndGlobal
